
Microsoft Visual Studio Solution File, Format Version 12.00
# Visual Studio 14
VisualStudioVersion = 14.0.25420.1
MinimumVisualStudioVersion = 10.0.40219.1
Project("{FAE04EC0-301F-11D3-BF4B-00C04F79EFBC}") = "ClusterixN", "ClusterixN\ClusterixN.csproj", "{3B2E0E39-6A75-4497-B6DC-6EFB366C2C07}"
EndProject
Project("{FAE04EC0-301F-11D3-BF4B-00C04F79EFBC}") = "ClusterixN.Common", "ClusterixN.Common\ClusterixN.Common.csproj", "{82242B68-E565-456D-8FC4-14D97C041F90}"
EndProject
Project("{FAE04EC0-301F-11D3-BF4B-00C04F79EFBC}") = "ClusterixN.Manager", "ClusterixN.Manager\ClusterixN.Manager.csproj", "{42D41709-7C93-4272-8BB4-A62FB6615903}"
EndProject
Project("{FAE04EC0-301F-11D3-BF4B-00C04F79EFBC}") = "ClusterixN.Join", "ClusterixN.Join\ClusterixN.Join.csproj", "{82179B62-AB0E-47CA-9A72-1D0895F47BCD}"
EndProject
Project("{2150E333-8FDC-42A3-9474-1A3956D46DE8}") = "Database", "Database", "{404E74CB-6A64-43F4-AC41-AD5464C173A0}"
EndProject
Project("{FAE04EC0-301F-11D3-BF4B-00C04F79EFBC}") = "ClusterixN.Database.MySQL", "ClusterixN.Database.MySQL\ClusterixN.Database.MySQL.csproj", "{9B6978A0-C349-480F-A45A-AB2B664562FD}"
EndProject
Project("{FAE04EC0-301F-11D3-BF4B-00C04F79EFBC}") = "ClusterixN.IO", "ClusterixN.IO\ClusterixN.IO.csproj", "{724EDC36-18D6-4FFD-A4C4-FA6579B70232}"
EndProject
Project("{FAE04EC0-301F-11D3-BF4B-00C04F79EFBC}") = "ClusterixN.Network", "ClusterixN.Network\ClusterixN.Network.csproj", "{11498144-C913-4946-81AF-0B5E92C2FC05}"
EndProject
Project("{2150E333-8FDC-42A3-9474-1A3956D46DE8}") = "lib", "lib", "{341D3B89-0B44-4A1A-AB9A-42137F79F4D8}"
EndProject
Project("{FAE04EC0-301F-11D3-BF4B-00C04F79EFBC}") = "ClusterixN.Infrastructure.Logging", "ClusterixN.Infrastructure.Logging\ClusterixN.Infrastructure.Logging.csproj", "{7DBD118D-4A00-4B32-B13C-5E326824260D}"
EndProject
Project("{FAE04EC0-301F-11D3-BF4B-00C04F79EFBC}") = "ClusterixN.QueryProcessing", "ClusterixN.QueryProcessing\ClusterixN.QueryProcessing.csproj", "{C4679D2E-C717-4751-962A-AEB9678AEF2E}"
EndProject
Project("{FAE04EC0-301F-11D3-BF4B-00C04F79EFBC}") = "ClusterixN.Sort", "ClusterixN.Sort\ClusterixN.Sort.csproj", "{C800F6A8-9C38-4CD9-9588-E9436667A48E}"
EndProject
Project("{2150E333-8FDC-42A3-9474-1A3956D46DE8}") = "Utils", "Utils", "{A6DC8E9F-0F59-41FB-A6C0-55D53088AB08}"
EndProject
Project("{FAE04EC0-301F-11D3-BF4B-00C04F79EFBC}") = "DataSplitter", "DataSplitter\DataSplitter.csproj", "{9869DC92-EFFD-48AD-A194-3BA8BDEFD5DA}"
EndProject
Project("{FAE04EC0-301F-11D3-BF4B-00C04F79EFBC}") = "ClusterixN.Terminal", "ClusterixN.Terminal\ClusterixN.Terminal.csproj", "{16C40591-F50F-433D-8D7D-3C326C84ADEE}"
EndProject
Project("{2150E333-8FDC-42A3-9474-1A3956D46DE8}") = "Tests", "Tests", "{ADC93051-961F-4727-8A4B-907D6F6E0408}"
EndProject
Project("{FAE04EC0-301F-11D3-BF4B-00C04F79EFBC}") = "ClusterixN.Database.MySQL.Test", "ClusterixN.Database.MySQL.Test\ClusterixN.Database.MySQL.Test.csproj", "{DBF9D8E8-3112-4965-844D-7371B175BAB8}"
EndProject
Project("{2150E333-8FDC-42A3-9474-1A3956D46DE8}") = "Solution Items", "Solution Items", "{29C16097-6ED4-45A7-BF86-63F9FE72CD91}"
	ProjectSection(SolutionItems) = preProject
		AnalyseQueries.sql = AnalyseQueries.sql
		bitbucket-pipelines.yml = bitbucket-pipelines.yml
		LICENSE.txt = LICENSE.txt
		MAINTAINERS.txt = MAINTAINERS.txt
		NOTICE.txt = NOTICE.txt
		Readme.md = Readme.md
		SharedAssemblyInfo.cs = SharedAssemblyInfo.cs
	EndProjectSection
EndProject
Project("{FAE04EC0-301F-11D3-BF4B-00C04F79EFBC}") = "LogProcessingTool", "LogProcessingTool\LogProcessingTool.csproj", "{0EAE14AD-B66C-4D68-B0F2-821E147693DB}"
EndProject
Project("{FAE04EC0-301F-11D3-BF4B-00C04F79EFBC}") = "ClusterixN.Database.FastMySQL", "ClusterixN.Database.FastMySQL\ClusterixN.Database.FastMySQL.csproj", "{1C075FDA-1064-477A-A5B2-8806B94E41F2}"
EndProject
Project("{8BC9CEB8-8B4A-11D0-8D11-00A0C91BC942}") = "FastMysqlSelect", "FastMysqlSelect\FastMysqlSelect.vcxproj", "{AF87E7D2-0DF6-4AA4-B493-86710165231F}"
EndProject
Project("{FAE04EC0-301F-11D3-BF4B-00C04F79EFBC}") = "LogProcessingTool.Test", "LogProcessingTool.Test\LogProcessingTool.Test.csproj", "{1D3839D1-8A36-41B7-90CD-CC8C52EA3073}"
EndProject
Project("{FAE04EC0-301F-11D3-BF4B-00C04F79EFBC}") = "ClusterixN.Database.ParallelFastMySQL", "ClusterixN.Database.ParallelFastMySQL\ClusterixN.Database.ParallelFastMySQL.csproj", "{2964528D-13E2-431E-A734-E38151D97F51}"
EndProject
Project("{FAE04EC0-301F-11D3-BF4B-00C04F79EFBC}") = "Common.Test", "Common.Test\Common.Test.csproj", "{1CBD7F65-DE41-477D-A202-CEBA2A898A2C}"
EndProject
Project("{FAE04EC0-301F-11D3-BF4B-00C04F79EFBC}") = "ClusterixN.JoinManager", "ClusterixN.JoinManager\ClusterixN.JoinManager.csproj", "{C61B3F61-D94F-4208-91DF-86BF203436F7}"
EndProject
Project("{FAE04EC0-301F-11D3-BF4B-00C04F79EFBC}") = "ClusterixN.Database.Postgres", "ClusterixN.Database.Postgres\ClusterixN.Database.Postgres.csproj", "{FD8CC572-528E-425C-BD57-21EC7E0628E8}"
EndProject
Project("{FAE04EC0-301F-11D3-BF4B-00C04F79EFBC}") = "ClusterixN.Database.MySQL8", "ClusterixN.Database.MySQL8\ClusterixN.Database.MySQL8.csproj", "{2246E674-37B2-4900-9900-B2F05CDE9FEB}"
EndProject
Global
	GlobalSection(SolutionConfigurationPlatforms) = preSolution
		Debug|Any CPU = Debug|Any CPU
		Debug|x64 = Debug|x64
		Debug|x86 = Debug|x86
		Release|Any CPU = Release|Any CPU
		Release|x64 = Release|x64
		Release|x86 = Release|x86
	EndGlobalSection
	GlobalSection(ProjectConfigurationPlatforms) = postSolution
		{3B2E0E39-6A75-4497-B6DC-6EFB366C2C07}.Debug|Any CPU.ActiveCfg = Debug|x64
		{3B2E0E39-6A75-4497-B6DC-6EFB366C2C07}.Debug|x64.ActiveCfg = Debug|x64
		{3B2E0E39-6A75-4497-B6DC-6EFB366C2C07}.Debug|x64.Build.0 = Debug|x64
		{3B2E0E39-6A75-4497-B6DC-6EFB366C2C07}.Debug|x86.ActiveCfg = Debug|x64
		{3B2E0E39-6A75-4497-B6DC-6EFB366C2C07}.Release|Any CPU.ActiveCfg = Release|x64
		{3B2E0E39-6A75-4497-B6DC-6EFB366C2C07}.Release|x64.ActiveCfg = Release|x64
		{3B2E0E39-6A75-4497-B6DC-6EFB366C2C07}.Release|x64.Build.0 = Release|x64
		{3B2E0E39-6A75-4497-B6DC-6EFB366C2C07}.Release|x86.ActiveCfg = Release|x64
		{82242B68-E565-456D-8FC4-14D97C041F90}.Debug|Any CPU.ActiveCfg = Debug|x64
		{82242B68-E565-456D-8FC4-14D97C041F90}.Debug|x64.ActiveCfg = Debug|x64
		{82242B68-E565-456D-8FC4-14D97C041F90}.Debug|x64.Build.0 = Debug|x64
		{82242B68-E565-456D-8FC4-14D97C041F90}.Debug|x86.ActiveCfg = Debug|x64
		{82242B68-E565-456D-8FC4-14D97C041F90}.Release|Any CPU.ActiveCfg = Release|x64
		{82242B68-E565-456D-8FC4-14D97C041F90}.Release|x64.ActiveCfg = Release|x64
		{82242B68-E565-456D-8FC4-14D97C041F90}.Release|x64.Build.0 = Release|x64
		{82242B68-E565-456D-8FC4-14D97C041F90}.Release|x86.ActiveCfg = Release|x64
		{42D41709-7C93-4272-8BB4-A62FB6615903}.Debug|Any CPU.ActiveCfg = Debug|x64
		{42D41709-7C93-4272-8BB4-A62FB6615903}.Debug|x64.ActiveCfg = Debug|x64
		{42D41709-7C93-4272-8BB4-A62FB6615903}.Debug|x64.Build.0 = Debug|x64
		{42D41709-7C93-4272-8BB4-A62FB6615903}.Debug|x86.ActiveCfg = Debug|x64
		{42D41709-7C93-4272-8BB4-A62FB6615903}.Release|Any CPU.ActiveCfg = Release|x64
		{42D41709-7C93-4272-8BB4-A62FB6615903}.Release|x64.ActiveCfg = Release|x64
		{42D41709-7C93-4272-8BB4-A62FB6615903}.Release|x64.Build.0 = Release|x64
		{42D41709-7C93-4272-8BB4-A62FB6615903}.Release|x86.ActiveCfg = Release|x64
		{82179B62-AB0E-47CA-9A72-1D0895F47BCD}.Debug|Any CPU.ActiveCfg = Debug|x64
		{82179B62-AB0E-47CA-9A72-1D0895F47BCD}.Debug|x64.ActiveCfg = Debug|x64
		{82179B62-AB0E-47CA-9A72-1D0895F47BCD}.Debug|x64.Build.0 = Debug|x64
		{82179B62-AB0E-47CA-9A72-1D0895F47BCD}.Debug|x86.ActiveCfg = Debug|x64
		{82179B62-AB0E-47CA-9A72-1D0895F47BCD}.Release|Any CPU.ActiveCfg = Release|x64
		{82179B62-AB0E-47CA-9A72-1D0895F47BCD}.Release|x64.ActiveCfg = Release|x64
		{82179B62-AB0E-47CA-9A72-1D0895F47BCD}.Release|x64.Build.0 = Release|x64
		{82179B62-AB0E-47CA-9A72-1D0895F47BCD}.Release|x86.ActiveCfg = Release|x64
		{9B6978A0-C349-480F-A45A-AB2B664562FD}.Debug|Any CPU.ActiveCfg = Debug|x64
		{9B6978A0-C349-480F-A45A-AB2B664562FD}.Debug|x64.ActiveCfg = Debug|x64
		{9B6978A0-C349-480F-A45A-AB2B664562FD}.Debug|x64.Build.0 = Debug|x64
		{9B6978A0-C349-480F-A45A-AB2B664562FD}.Debug|x86.ActiveCfg = Debug|x64
		{9B6978A0-C349-480F-A45A-AB2B664562FD}.Release|Any CPU.ActiveCfg = Release|x64
		{9B6978A0-C349-480F-A45A-AB2B664562FD}.Release|x64.ActiveCfg = Release|x64
		{9B6978A0-C349-480F-A45A-AB2B664562FD}.Release|x64.Build.0 = Release|x64
		{9B6978A0-C349-480F-A45A-AB2B664562FD}.Release|x86.ActiveCfg = Release|x64
		{724EDC36-18D6-4FFD-A4C4-FA6579B70232}.Debug|Any CPU.ActiveCfg = Debug|x64
		{724EDC36-18D6-4FFD-A4C4-FA6579B70232}.Debug|x64.ActiveCfg = Debug|x64
		{724EDC36-18D6-4FFD-A4C4-FA6579B70232}.Debug|x64.Build.0 = Debug|x64
		{724EDC36-18D6-4FFD-A4C4-FA6579B70232}.Debug|x86.ActiveCfg = Debug|x64
		{724EDC36-18D6-4FFD-A4C4-FA6579B70232}.Release|Any CPU.ActiveCfg = Release|x64
		{724EDC36-18D6-4FFD-A4C4-FA6579B70232}.Release|x64.ActiveCfg = Release|x64
		{724EDC36-18D6-4FFD-A4C4-FA6579B70232}.Release|x64.Build.0 = Release|x64
		{724EDC36-18D6-4FFD-A4C4-FA6579B70232}.Release|x86.ActiveCfg = Release|x64
		{11498144-C913-4946-81AF-0B5E92C2FC05}.Debug|Any CPU.ActiveCfg = Debug|x64
		{11498144-C913-4946-81AF-0B5E92C2FC05}.Debug|x64.ActiveCfg = Debug|x64
		{11498144-C913-4946-81AF-0B5E92C2FC05}.Debug|x64.Build.0 = Debug|x64
		{11498144-C913-4946-81AF-0B5E92C2FC05}.Debug|x86.ActiveCfg = Debug|x64
		{11498144-C913-4946-81AF-0B5E92C2FC05}.Release|Any CPU.ActiveCfg = Release|x64
		{11498144-C913-4946-81AF-0B5E92C2FC05}.Release|x64.ActiveCfg = Release|x64
		{11498144-C913-4946-81AF-0B5E92C2FC05}.Release|x64.Build.0 = Release|x64
		{11498144-C913-4946-81AF-0B5E92C2FC05}.Release|x86.ActiveCfg = Release|x64
		{7DBD118D-4A00-4B32-B13C-5E326824260D}.Debug|Any CPU.ActiveCfg = Debug|x64
		{7DBD118D-4A00-4B32-B13C-5E326824260D}.Debug|x64.ActiveCfg = Debug|x64
		{7DBD118D-4A00-4B32-B13C-5E326824260D}.Debug|x64.Build.0 = Debug|x64
		{7DBD118D-4A00-4B32-B13C-5E326824260D}.Debug|x86.ActiveCfg = Debug|x64
		{7DBD118D-4A00-4B32-B13C-5E326824260D}.Release|Any CPU.ActiveCfg = Release|x64
		{7DBD118D-4A00-4B32-B13C-5E326824260D}.Release|x64.ActiveCfg = Release|x64
		{7DBD118D-4A00-4B32-B13C-5E326824260D}.Release|x64.Build.0 = Release|x64
		{7DBD118D-4A00-4B32-B13C-5E326824260D}.Release|x86.ActiveCfg = Release|x64
		{C4679D2E-C717-4751-962A-AEB9678AEF2E}.Debug|Any CPU.ActiveCfg = Debug|x64
		{C4679D2E-C717-4751-962A-AEB9678AEF2E}.Debug|x64.ActiveCfg = Debug|x64
		{C4679D2E-C717-4751-962A-AEB9678AEF2E}.Debug|x64.Build.0 = Debug|x64
		{C4679D2E-C717-4751-962A-AEB9678AEF2E}.Debug|x86.ActiveCfg = Debug|x64
		{C4679D2E-C717-4751-962A-AEB9678AEF2E}.Release|Any CPU.ActiveCfg = Release|x64
		{C4679D2E-C717-4751-962A-AEB9678AEF2E}.Release|x64.ActiveCfg = Release|x64
		{C4679D2E-C717-4751-962A-AEB9678AEF2E}.Release|x64.Build.0 = Release|x64
		{C4679D2E-C717-4751-962A-AEB9678AEF2E}.Release|x86.ActiveCfg = Release|x64
		{C800F6A8-9C38-4CD9-9588-E9436667A48E}.Debug|Any CPU.ActiveCfg = Debug|x64
		{C800F6A8-9C38-4CD9-9588-E9436667A48E}.Debug|x64.ActiveCfg = Debug|x64
		{C800F6A8-9C38-4CD9-9588-E9436667A48E}.Debug|x64.Build.0 = Debug|x64
		{C800F6A8-9C38-4CD9-9588-E9436667A48E}.Debug|x86.ActiveCfg = Debug|x64
		{C800F6A8-9C38-4CD9-9588-E9436667A48E}.Release|Any CPU.ActiveCfg = Release|x64
		{C800F6A8-9C38-4CD9-9588-E9436667A48E}.Release|x64.ActiveCfg = Release|x64
		{C800F6A8-9C38-4CD9-9588-E9436667A48E}.Release|x64.Build.0 = Release|x64
		{C800F6A8-9C38-4CD9-9588-E9436667A48E}.Release|x86.ActiveCfg = Release|x64
		{9869DC92-EFFD-48AD-A194-3BA8BDEFD5DA}.Debug|Any CPU.ActiveCfg = Debug|x64
		{9869DC92-EFFD-48AD-A194-3BA8BDEFD5DA}.Debug|x64.ActiveCfg = Debug|x64
		{9869DC92-EFFD-48AD-A194-3BA8BDEFD5DA}.Debug|x64.Build.0 = Debug|x64
		{9869DC92-EFFD-48AD-A194-3BA8BDEFD5DA}.Debug|x86.ActiveCfg = Debug|x64
		{9869DC92-EFFD-48AD-A194-3BA8BDEFD5DA}.Release|Any CPU.ActiveCfg = Release|x64
		{9869DC92-EFFD-48AD-A194-3BA8BDEFD5DA}.Release|x64.ActiveCfg = Release|x64
		{9869DC92-EFFD-48AD-A194-3BA8BDEFD5DA}.Release|x64.Build.0 = Release|x64
		{9869DC92-EFFD-48AD-A194-3BA8BDEFD5DA}.Release|x86.ActiveCfg = Release|x64
		{16C40591-F50F-433D-8D7D-3C326C84ADEE}.Debug|Any CPU.ActiveCfg = Debug|x64
		{16C40591-F50F-433D-8D7D-3C326C84ADEE}.Debug|x64.ActiveCfg = Debug|x64
		{16C40591-F50F-433D-8D7D-3C326C84ADEE}.Debug|x64.Build.0 = Debug|x64
		{16C40591-F50F-433D-8D7D-3C326C84ADEE}.Debug|x86.ActiveCfg = Debug|x64
		{16C40591-F50F-433D-8D7D-3C326C84ADEE}.Release|Any CPU.ActiveCfg = Release|x64
		{16C40591-F50F-433D-8D7D-3C326C84ADEE}.Release|x64.ActiveCfg = Release|x64
		{16C40591-F50F-433D-8D7D-3C326C84ADEE}.Release|x64.Build.0 = Release|x64
		{16C40591-F50F-433D-8D7D-3C326C84ADEE}.Release|x86.ActiveCfg = Release|x64
		{DBF9D8E8-3112-4965-844D-7371B175BAB8}.Debug|Any CPU.ActiveCfg = Debug|x64
		{DBF9D8E8-3112-4965-844D-7371B175BAB8}.Debug|x64.ActiveCfg = Debug|x64
		{DBF9D8E8-3112-4965-844D-7371B175BAB8}.Debug|x86.ActiveCfg = Debug|x64
		{DBF9D8E8-3112-4965-844D-7371B175BAB8}.Release|Any CPU.ActiveCfg = Release|x64
		{DBF9D8E8-3112-4965-844D-7371B175BAB8}.Release|x64.ActiveCfg = Release|x64
		{DBF9D8E8-3112-4965-844D-7371B175BAB8}.Release|x86.ActiveCfg = Release|x64
		{0EAE14AD-B66C-4D68-B0F2-821E147693DB}.Debug|Any CPU.ActiveCfg = Debug|x64
		{0EAE14AD-B66C-4D68-B0F2-821E147693DB}.Debug|x64.ActiveCfg = Debug|x64
		{0EAE14AD-B66C-4D68-B0F2-821E147693DB}.Debug|x64.Build.0 = Debug|x64
		{0EAE14AD-B66C-4D68-B0F2-821E147693DB}.Debug|x86.ActiveCfg = Debug|x64
		{0EAE14AD-B66C-4D68-B0F2-821E147693DB}.Release|Any CPU.ActiveCfg = Release|x64
		{0EAE14AD-B66C-4D68-B0F2-821E147693DB}.Release|x64.ActiveCfg = Release|x64
		{0EAE14AD-B66C-4D68-B0F2-821E147693DB}.Release|x64.Build.0 = Release|x64
		{0EAE14AD-B66C-4D68-B0F2-821E147693DB}.Release|x86.ActiveCfg = Release|x64
		{1C075FDA-1064-477A-A5B2-8806B94E41F2}.Debug|Any CPU.ActiveCfg = Debug|x64
		{1C075FDA-1064-477A-A5B2-8806B94E41F2}.Debug|x64.ActiveCfg = Debug|x64
		{1C075FDA-1064-477A-A5B2-8806B94E41F2}.Debug|x64.Build.0 = Debug|x64
		{1C075FDA-1064-477A-A5B2-8806B94E41F2}.Debug|x86.ActiveCfg = Debug|x64
		{1C075FDA-1064-477A-A5B2-8806B94E41F2}.Release|Any CPU.ActiveCfg = Release|x64
		{1C075FDA-1064-477A-A5B2-8806B94E41F2}.Release|x64.ActiveCfg = Release|x64
		{1C075FDA-1064-477A-A5B2-8806B94E41F2}.Release|x64.Build.0 = Release|x64
		{1C075FDA-1064-477A-A5B2-8806B94E41F2}.Release|x86.ActiveCfg = Release|x64
		{AF87E7D2-0DF6-4AA4-B493-86710165231F}.Debug|Any CPU.ActiveCfg = Debug|x64
		{AF87E7D2-0DF6-4AA4-B493-86710165231F}.Debug|x64.ActiveCfg = Release|x64
		{AF87E7D2-0DF6-4AA4-B493-86710165231F}.Debug|x86.ActiveCfg = Debug|x64
		{AF87E7D2-0DF6-4AA4-B493-86710165231F}.Release|Any CPU.ActiveCfg = Release|x64
		{AF87E7D2-0DF6-4AA4-B493-86710165231F}.Release|x64.ActiveCfg = Release|x64
		{AF87E7D2-0DF6-4AA4-B493-86710165231F}.Release|x64.Build.0 = Release|x64
		{AF87E7D2-0DF6-4AA4-B493-86710165231F}.Release|x86.ActiveCfg = Release|x64
		{1D3839D1-8A36-41B7-90CD-CC8C52EA3073}.Debug|Any CPU.ActiveCfg = Debug|x64
		{1D3839D1-8A36-41B7-90CD-CC8C52EA3073}.Debug|x64.ActiveCfg = Debug|x64
		{1D3839D1-8A36-41B7-90CD-CC8C52EA3073}.Debug|x64.Build.0 = Debug|x64
		{1D3839D1-8A36-41B7-90CD-CC8C52EA3073}.Debug|x86.ActiveCfg = Debug|x64
		{1D3839D1-8A36-41B7-90CD-CC8C52EA3073}.Release|Any CPU.ActiveCfg = Release|x64
		{1D3839D1-8A36-41B7-90CD-CC8C52EA3073}.Release|x64.ActiveCfg = Release|x64
		{1D3839D1-8A36-41B7-90CD-CC8C52EA3073}.Release|x86.ActiveCfg = Release|x64
		{2964528D-13E2-431E-A734-E38151D97F51}.Debug|Any CPU.ActiveCfg = Debug|x64
		{2964528D-13E2-431E-A734-E38151D97F51}.Debug|x64.ActiveCfg = Debug|x64
		{2964528D-13E2-431E-A734-E38151D97F51}.Debug|x64.Build.0 = Debug|x64
		{2964528D-13E2-431E-A734-E38151D97F51}.Debug|x86.ActiveCfg = Debug|x64
		{2964528D-13E2-431E-A734-E38151D97F51}.Release|Any CPU.ActiveCfg = Release|x64
		{2964528D-13E2-431E-A734-E38151D97F51}.Release|x64.ActiveCfg = Release|x64
		{2964528D-13E2-431E-A734-E38151D97F51}.Release|x64.Build.0 = Release|x64
		{2964528D-13E2-431E-A734-E38151D97F51}.Release|x86.ActiveCfg = Release|x64
		{1CBD7F65-DE41-477D-A202-CEBA2A898A2C}.Debug|Any CPU.ActiveCfg = Debug|x64
		{1CBD7F65-DE41-477D-A202-CEBA2A898A2C}.Debug|x64.ActiveCfg = Debug|x64
		{1CBD7F65-DE41-477D-A202-CEBA2A898A2C}.Debug|x86.ActiveCfg = Debug|x64
		{1CBD7F65-DE41-477D-A202-CEBA2A898A2C}.Release|Any CPU.ActiveCfg = Release|x64
		{1CBD7F65-DE41-477D-A202-CEBA2A898A2C}.Release|x64.ActiveCfg = Release|x64
		{1CBD7F65-DE41-477D-A202-CEBA2A898A2C}.Release|x86.ActiveCfg = Release|x64
		{C61B3F61-D94F-4208-91DF-86BF203436F7}.Debug|Any CPU.ActiveCfg = Debug|x64
		{C61B3F61-D94F-4208-91DF-86BF203436F7}.Debug|x64.ActiveCfg = Debug|x64
		{C61B3F61-D94F-4208-91DF-86BF203436F7}.Debug|x64.Build.0 = Debug|x64
		{C61B3F61-D94F-4208-91DF-86BF203436F7}.Debug|x86.ActiveCfg = Debug|x64
		{C61B3F61-D94F-4208-91DF-86BF203436F7}.Release|Any CPU.ActiveCfg = Release|x64
		{C61B3F61-D94F-4208-91DF-86BF203436F7}.Release|x64.ActiveCfg = Release|x64
		{C61B3F61-D94F-4208-91DF-86BF203436F7}.Release|x64.Build.0 = Release|x64
		{C61B3F61-D94F-4208-91DF-86BF203436F7}.Release|x86.ActiveCfg = Release|x64
		{FD8CC572-528E-425C-BD57-21EC7E0628E8}.Debug|Any CPU.ActiveCfg = Debug|x64
		{FD8CC572-528E-425C-BD57-21EC7E0628E8}.Debug|x64.ActiveCfg = Debug|x64
		{FD8CC572-528E-425C-BD57-21EC7E0628E8}.Debug|x64.Build.0 = Debug|x64
		{FD8CC572-528E-425C-BD57-21EC7E0628E8}.Debug|x86.ActiveCfg = Debug|x64
		{FD8CC572-528E-425C-BD57-21EC7E0628E8}.Release|Any CPU.ActiveCfg = Release|x64
		{FD8CC572-528E-425C-BD57-21EC7E0628E8}.Release|x64.ActiveCfg = Release|x64
		{FD8CC572-528E-425C-BD57-21EC7E0628E8}.Release|x64.Build.0 = Release|x64
		{FD8CC572-528E-425C-BD57-21EC7E0628E8}.Release|x86.ActiveCfg = Release|x64
		{2246E674-37B2-4900-9900-B2F05CDE9FEB}.Debug|Any CPU.ActiveCfg = Debug|Any CPU
		{2246E674-37B2-4900-9900-B2F05CDE9FEB}.Debug|Any CPU.Build.0 = Debug|Any CPU
		{2246E674-37B2-4900-9900-B2F05CDE9FEB}.Debug|x64.ActiveCfg = Debug|x64
		{2246E674-37B2-4900-9900-B2F05CDE9FEB}.Debug|x64.Build.0 = Debug|x64
		{2246E674-37B2-4900-9900-B2F05CDE9FEB}.Debug|x86.ActiveCfg = Debug|Any CPU
		{2246E674-37B2-4900-9900-B2F05CDE9FEB}.Debug|x86.Build.0 = Debug|Any CPU
		{2246E674-37B2-4900-9900-B2F05CDE9FEB}.Release|Any CPU.ActiveCfg = Release|Any CPU
		{2246E674-37B2-4900-9900-B2F05CDE9FEB}.Release|Any CPU.Build.0 = Release|Any CPU
		{2246E674-37B2-4900-9900-B2F05CDE9FEB}.Release|x64.ActiveCfg = Release|Any CPU
		{2246E674-37B2-4900-9900-B2F05CDE9FEB}.Release|x64.Build.0 = Release|Any CPU
		{2246E674-37B2-4900-9900-B2F05CDE9FEB}.Release|x86.ActiveCfg = Release|Any CPU
		{2246E674-37B2-4900-9900-B2F05CDE9FEB}.Release|x86.Build.0 = Release|Any CPU
	EndGlobalSection
	GlobalSection(SolutionProperties) = preSolution
		HideSolutionNode = FALSE
	EndGlobalSection
	GlobalSection(NestedProjects) = preSolution
		{82242B68-E565-456D-8FC4-14D97C041F90} = {341D3B89-0B44-4A1A-AB9A-42137F79F4D8}
		{9B6978A0-C349-480F-A45A-AB2B664562FD} = {404E74CB-6A64-43F4-AC41-AD5464C173A0}
		{11498144-C913-4946-81AF-0B5E92C2FC05} = {341D3B89-0B44-4A1A-AB9A-42137F79F4D8}
		{7DBD118D-4A00-4B32-B13C-5E326824260D} = {341D3B89-0B44-4A1A-AB9A-42137F79F4D8}
		{C4679D2E-C717-4751-962A-AEB9678AEF2E} = {341D3B89-0B44-4A1A-AB9A-42137F79F4D8}
		{9869DC92-EFFD-48AD-A194-3BA8BDEFD5DA} = {A6DC8E9F-0F59-41FB-A6C0-55D53088AB08}
		{16C40591-F50F-433D-8D7D-3C326C84ADEE} = {341D3B89-0B44-4A1A-AB9A-42137F79F4D8}
		{DBF9D8E8-3112-4965-844D-7371B175BAB8} = {ADC93051-961F-4727-8A4B-907D6F6E0408}
		{0EAE14AD-B66C-4D68-B0F2-821E147693DB} = {A6DC8E9F-0F59-41FB-A6C0-55D53088AB08}
		{1C075FDA-1064-477A-A5B2-8806B94E41F2} = {404E74CB-6A64-43F4-AC41-AD5464C173A0}
		{AF87E7D2-0DF6-4AA4-B493-86710165231F} = {404E74CB-6A64-43F4-AC41-AD5464C173A0}
		{1D3839D1-8A36-41B7-90CD-CC8C52EA3073} = {ADC93051-961F-4727-8A4B-907D6F6E0408}
		{2964528D-13E2-431E-A734-E38151D97F51} = {404E74CB-6A64-43F4-AC41-AD5464C173A0}
		{1CBD7F65-DE41-477D-A202-CEBA2A898A2C} = {ADC93051-961F-4727-8A4B-907D6F6E0408}
		{FD8CC572-528E-425C-BD57-21EC7E0628E8} = {404E74CB-6A64-43F4-AC41-AD5464C173A0}
		{2246E674-37B2-4900-9900-B2F05CDE9FEB} = {404E74CB-6A64-43F4-AC41-AD5464C173A0}
	EndGlobalSection
EndGlobal
